// !$*UTF8*$!
{
	archiveVersion = 1;
	classes = {
	};
	objectVersion = 46;
	objects = {

/* Begin PBXBuildFile section */
		26E23C791F4E562D00193A76 /* AppDelegate.swift in Sources */ = {isa = PBXBuildFile; fileRef = 26E23C781F4E562D00193A76 /* AppDelegate.swift */; };
		26E23C7B1F4E562D00193A76 /* ViewController.swift in Sources */ = {isa = PBXBuildFile; fileRef = 26E23C7A1F4E562D00193A76 /* ViewController.swift */; };
		26E23C7E1F4E562D00193A76 /* Main.storyboard in Resources */ = {isa = PBXBuildFile; fileRef = 26E23C7C1F4E562D00193A76 /* Main.storyboard */; };
		26E23C801F4E562D00193A76 /* Assets.xcassets in Resources */ = {isa = PBXBuildFile; fileRef = 26E23C7F1F4E562D00193A76 /* Assets.xcassets */; };
		26E23C831F4E562D00193A76 /* LaunchScreen.storyboard in Resources */ = {isa = PBXBuildFile; fileRef = 26E23C811F4E562D00193A76 /* LaunchScreen.storyboard */; };
/* End PBXBuildFile section */

/* Begin PBXFileReference section */
		26E23C751F4E562D00193A76 /* medician.app */ = {isa = PBXFileReference; explicitFileType = wrapper.application; includeInIndex = 0; path = medician.app; sourceTree = BUILT_PRODUCTS_DIR; };
		26E23C781F4E562D00193A76 /* AppDelegate.swift */ = {isa = PBXFileReference; lastKnownFileType = sourcecode.swift; path = AppDelegate.swift; sourceTree = "<group>"; };
		26E23C7A1F4E562D00193A76 /* ViewController.swift */ = {isa = PBXFileReference; lastKnownFileType = sourcecode.swift; path = ViewController.swift; sourceTree = "<group>"; };
		26E23C7D1F4E562D00193A76 /* Base */ = {isa = PBXFileReference; lastKnownFileType = file.storyboard; name = Base; path = Base.lproj/Main.storyboard; sourceTree = "<group>"; };
		26E23C7F1F4E562D00193A76 /* Assets.xcassets */ = {isa = PBXFileReference; lastKnownFileType = folder.assetcatalog; path = Assets.xcassets; sourceTree = "<group>"; };
		26E23C821F4E562D00193A76 /* Base */ = {isa = PBXFileReference; lastKnownFileType = file.storyboard; name = Base; path = Base.lproj/LaunchScreen.storyboard; sourceTree = "<group>"; };
		26E23C841F4E562D00193A76 /* Info.plist */ = {isa = PBXFileReference; lastKnownFileType = text.plist.xml; path = Info.plist; sourceTree = "<group>"; };
/* End PBXFileReference section */

/* Begin PBXFrameworksBuildPhase section */
		26E23C721F4E562D00193A76 /* Frameworks */ = {
			isa = PBXFrameworksBuildPhase;
			buildActionMask = 2147483647;
			files = (
			);
			runOnlyForDeploymentPostprocessing = 0;
		};
/* End PBXFrameworksBuildPhase section */

/* Begin PBXGroup section */
		26E23C6C1F4E562D00193A76 = {
			isa = PBXGroup;
			children = (
				26E23C771F4E562D00193A76 /* medician */,
				26E23C761F4E562D00193A76 /* Products */,
			);
			sourceTree = "<group>";
		};
		26E23C761F4E562D00193A76 /* Products */ = {
			isa = PBXGroup;
			children = (
				26E23C751F4E562D00193A76 /* medician.app */,
			);
			name = Products;
			sourceTree = "<group>";
		};
		26E23C771F4E562D00193A76 /* medician */ = {
			isa = PBXGroup;
			children = (
				26E23C781F4E562D00193A76 /* AppDelegate.swift */,
				26E23C7A1F4E562D00193A76 /* ViewController.swift */,
				26E23C7C1F4E562D00193A76 /* Main.storyboard */,
				26E23C7F1F4E562D00193A76 /* Assets.xcassets */,
				26E23C811F4E562D00193A76 /* LaunchScreen.storyboard */,
				26E23C841F4E562D00193A76 /* Info.plist */,
			);
			path = medician;
			sourceTree = "<group>";
		};
/* End PBXGroup section */

/* Begin PBXNativeTarget section */
		26E23C741F4E562D00193A76 /* medician */ = {
			isa = PBXNativeTarget;
			buildConfigurationList = 26E23C871F4E562D00193A76 /* Build configuration list for PBXNativeTarget "medician" */;
			buildPhases = (
				26E23C711F4E562D00193A76 /* Sources */,
				26E23C721F4E562D00193A76 /* Frameworks */,
				26E23C731F4E562D00193A76 /* Resources */,
			);
			buildRules = (
			);
			dependencies = (
			);
			name = medician;
			productName = medician;
			productReference = 26E23C751F4E562D00193A76 /* medician.app */;
			productType = "com.apple.product-type.application";
		};
/* End PBXNativeTarget section */

/* Begin PBXProject section */
		26E23C6D1F4E562D00193A76 /* Project object */ = {
			isa = PBXProject;
			attributes = {
				LastSwiftUpdateCheck = 0830;
				LastUpgradeCheck = 0830;
				ORGANIZATIONNAME = pika;
				TargetAttributes = {
					26E23C741F4E562D00193A76 = {
						CreatedOnToolsVersion = 8.3.3;
						ProvisioningStyle = Automatic;
					};
				};
			};
			buildConfigurationList = 26E23C701F4E562D00193A76 /* Build configuration list for PBXProject "medician" */;
			compatibilityVersion = "Xcode 3.2";
			developmentRegion = English;
			hasScannedForEncodings = 0;
			knownRegions = (
				en,
				Base,
			);
			mainGroup = 26E23C6C1F4E562D00193A76;
			productRefGroup = 26E23C761F4E562D00193A76 /* Products */;
			projectDirPath = "";
			projectRoot = "";
			targets = (
				26E23C741F4E562D00193A76 /* medician */,
			);
		};
/* End PBXProject section */

/* Begin PBXResourcesBuildPhase section */
		26E23C731F4E562D00193A76 /* Resources */ = {
			isa = PBXResourcesBuildPhase;
			buildActionMask = 2147483647;
			files = (
				26E23C831F4E562D00193A76 /* LaunchScreen.storyboard in Resources */,
				26E23C801F4E562D00193A76 /* Assets.xcassets in Resources */,
				26E23C7E1F4E562D00193A76 /* Main.storyboard in Resources */,
			);
			runOnlyForDeploymentPostprocessing = 0;
		};
/* End PBXResourcesBuildPhase section */

/* Begin PBXSourcesBuildPhase section */
		26E23C711F4E562D00193A76 /* Sources */ = {
			isa = PBXSourcesBuildPhase;
			buildActionMask = 2147483647;
			files = (
				26E23C7B1F4E562D00193A76 /* ViewController.swift in Sources */,
				26E23C791F4E562D00193A76 /* AppDelegate.swift in Sources */,
			);
			runOnlyForDeploymentPostprocessing = 0;
		};
/* End PBXSourcesBuildPhase section */

/* Begin PBXVariantGroup section */
		26E23C7C1F4E562D00193A76 /* Main.storyboard */ = {
			isa = PBXVariantGroup;
			children = (
				26E23C7D1F4E562D00193A76 /* Base */,
			);
			name = Main.storyboard;
			sourceTree = "<group>";
		};
		26E23C811F4E562D00193A76 /* LaunchScreen.storyboard */ = {
			isa = PBXVariantGroup;
			children = (
				26E23C821F4E562D00193A76 /* Base */,
			);
			name = LaunchScreen.storyboard;
			sourceTree = "<group>";
		};
/* End PBXVariantGroup section */

/* Begin XCBuildConfiguration section */
		26E23C851F4E562D00193A76 /* Debug */ = {
			isa = XCBuildConfiguration;
			buildSettings = {
				ALWAYS_SEARCH_USER_PATHS = NO;
				CLANG_ANALYZER_NONNULL = YES;
				CLANG_ANALYZER_NUMBER_OBJECT_CONVERSION = YES_AGGRESSIVE;
				CLANG_CXX_LANGUAGE_STANDARD = "gnu++0x";
				CLANG_CXX_LIBRARY = "libc++";
				CLANG_ENABLE_MODULES = YES;
				CLANG_ENABLE_OBJC_ARC = YES;
				CLANG_WARN_BOOL_CONVERSION = YES;
				CLANG_WARN_CONSTANT_CONVERSION = YES;
				CLANG_WARN_DIRECT_OBJC_ISA_USAGE = YES_ERROR;
				CLANG_WARN_DOCUMENTATION_COMMENTS = YES;
				CLANG_WARN_EMPTY_BODY = YES;
				CLANG_WARN_ENUM_CONVERSION = YES;
				CLANG_WARN_INFINITE_RECURSION = YES;
				CLANG_WARN_INT_CONVERSION = YES;
				CLANG_WARN_OBJC_ROOT_CLASS = YES_ERROR;
				CLANG_WARN_SUSPICIOUS_MOVE = YES;
				CLANG_WARN_UNREACHABLE_CODE = YES;
				CLANG_WARN__DUPLICATE_METHOD_MATCH = YES;
				"CODE_SIGN_IDENTITY[sdk=iphoneos*]" = "iPhone Developer";
				COPY_PHASE_STRIP = NO;
				DEBUG_INFORMATION_FORMAT = dwarf;
				ENABLE_STRICT_OBJC_MSGSEND = YES;
				ENABLE_TESTABILITY = YES;
				GCC_C_LANGUAGE_STANDARD = gnu99;
				GCC_DYNAMIC_NO_PIC = NO;
				GCC_NO_COMMON_BLOCKS = YES;
				GCC_OPTIMIZATION_LEVEL = 0;
				GCC_PREPROCESSOR_DEFINITIONS = (
					"DEBUG=1",
					"$(inherited)",
				);
				GCC_WARN_64_TO_32_BIT_CONVERSION = YES;
				GCC_WARN_ABOUT_RETURN_TYPE = YES_ERROR;
				GCC_WARN_UNDECLARED_SELECTOR = YES;
				GCC_WARN_UNINITIALIZED_AUTOS = YES_AGGRESSIVE;
				GCC_WARN_UNUSED_FUNCTION = YES;
				GCC_WARN_UNUSED_VARIABLE = YES;
				IPHONEOS_DEPLOYMENT_TARGET = 10.3;
				MTL_ENABLE_DEBUG_INFO = YES;
				ONLY_ACTIVE_ARCH = YES;
				SDKROOT = iphoneos;
				SWIFT_ACTIVE_COMPILATION_CONDITIONS = DEBUG;
				SWIFT_OPTIMIZATION_LEVEL = "-Onone";
			};
			name = Debug;
		};
		26E23C861F4E562D00193A76 /* Release */ = {
			isa = XCBuildConfiguration;
			buildSettings = {
				ALWAYS_SEARCH_USER_PATHS = NO;
				CLANG_ANALYZER_NONNULL = YES;
				CLANG_ANALYZER_NUMBER_OBJECT_CONVERSION = YES_AGGRESSIVE;
				CLANG_CXX_LANGUAGE_STANDARD = "gnu++0x";
				CLANG_CXX_LIBRARY = "libc++";
				CLANG_ENABLE_MODULES = YES;
				CLANG_ENABLE_OBJC_ARC = YES;
				CLANG_WARN_BOOL_CONVERSION = YES;
				CLANG_WARN_CONSTANT_CONVERSION = YES;
				CLANG_WARN_DIRECT_OBJC_ISA_USAGE = YES_ERROR;
				CLANG_WARN_DOCUMENTATION_COMMENTS = YES;
				CLANG_WARN_EMPTY_BODY = YES;
				CLANG_WARN_ENUM_CONVERSION = YES;
				CLANG_WARN_INFINITE_RECURSION = YES;
				CLANG_WARN_INT_CONVERSION = YES;
				CLANG_WARN_OBJC_ROOT_CLASS = YES_ERROR;
				CLANG_WARN_SUSPICIOUS_MOVE = YES;
				CLANG_WARN_UNREACHABLE_CODE = YES;
				CLANG_WARN__DUPLICATE_METHOD_MATCH = YES;
				"CODE_SIGN_IDENTITY[sdk=iphoneos*]" = "iPhone Developer";
				COPY_PHASE_STRIP = NO;
				DEBUG_INFORMATION_FORMAT = "dwarf-with-dsym";
				ENABLE_NS_ASSERTIONS = NO;
				ENABLE_STRICT_OBJC_MSGSEND = YES;
				GCC_C_LANGUAGE_STANDARD = gnu99;
				GCC_NO_COMMON_BLOCKS = YES;
				GCC_WARN_64_TO_32_BIT_CONVERSION = YES;
				GCC_WARN_ABOUT_RETURN_TYPE = YES_ERROR;
				GCC_WARN_UNDECLARED_SELECTOR = YES;
				GCC_WARN_UNINITIALIZED_AUTOS = YES_AGGRESSIVE;
				GCC_WARN_UNUSED_FUNCTION = YES;
				GCC_WARN_UNUSED_VARIABLE = YES;
				IPHONEOS_DEPLOYMENT_TARGET = 10.3;
				MTL_ENABLE_DEBUG_INFO = NO;
				SDKROOT = iphoneos;
				SWIFT_OPTIMIZATION_LEVEL = "-Owholemodule";
				VALIDATE_PRODUCT = YES;
			};
			name = Release;
		};
		26E23C881F4E562D00193A76 /* Debug */ = {
			isa = XCBuildConfiguration;
			buildSettings = {
				ASSETCATALOG_COMPILER_APPICON_NAME = AppIcon;
				INFOPLIST_FILE = medician/Info.plist;
				LD_RUNPATH_SEARCH_PATHS = "$(inherited) @executable_path/Frameworks";
				PRODUCT_BUNDLE_IDENTIFIER = com.pika.medician;
				PRODUCT_NAME = "$(TARGET_NAME)";
				SWIFT_VERSION = 3.0;
			};
			name = Debug;
		};
		26E23C891F4E562D00193A76 /* Release */ = {
			isa = XCBuildConfiguration;
			buildSettings = {
				ASSETCATALOG_COMPILER_APPICON_NAME = AppIcon;
				INFOPLIST_FILE = medician/Info.plist;
				LD_RUNPATH_SEARCH_PATHS = "$(inherited) @executable_path/Frameworks";
				PRODUCT_BUNDLE_IDENTIFIER = com.pika.medician;
				PRODUCT_NAME = "$(TARGET_NAME)";
				SWIFT_VERSION = 3.0;
			};
			name = Release;
		};
/* End XCBuildConfiguration section */

/* Begin XCConfigurationList section */
		26E23C701F4E562D00193A76 /* Build configuration list for PBXProject "medician" */ = {
			isa = XCConfigurationList;
			buildConfigurations = (
				26E23C851F4E562D00193A76 /* Debug */,
				26E23C861F4E562D00193A76 /* Release */,
			);
			defaultConfigurationIsVisible = 0;
			defaultConfigurationName = Release;
		};
		26E23C871F4E562D00193A76 /* Build configuration list for PBXNativeTarget "medician" */ = {
			isa = XCConfigurationList;
			buildConfigurations = (
				26E23C881F4E562D00193A76 /* Debug */,
				26E23C891F4E562D00193A76 /* Release */,
			);
			defaultConfigurationIsVisible = 0;
		};
/* End XCConfigurationList section */
	};
	rootObject = 26E23C6D1F4E562D00193A76 /* Project object */;
}
